
Microsoft Visual Studio Solution File, Format Version 12.00
# Visual Studio Version 16
VisualStudioVersion = 16.0.29009.5
MinimumVisualStudioVersion = 10.0.40219.1
Project("{FAE04EC0-301F-11D3-BF4B-00C04F79EFBC}") = "gnomi.dataService", "gnomi.dataService\gnomi.dataService.csproj", "{29F5BB45-9793-473B-9214-C60A646E4089}"
EndProject
Project("{9A19103F-16F7-4668-BE54-9A1E7A4F7556}") = "gnomi.models", "gnomi.models\gnomi.models\gnomi.models.csproj", "{4D24DA80-45E8-4B1B-9D41-3D722F33EB52}"
EndProject
Global
	GlobalSection(SolutionConfigurationPlatforms) = preSolution
		Debug|Any CPU = Debug|Any CPU
		Release|Any CPU = Release|Any CPU
	EndGlobalSection
	GlobalSection(ProjectConfigurationPlatforms) = postSolution
		{29F5BB45-9793-473B-9214-C60A646E4089}.Debug|Any CPU.ActiveCfg = Debug|Any CPU
		{29F5BB45-9793-473B-9214-C60A646E4089}.Debug|Any CPU.Build.0 = Debug|Any CPU
		{29F5BB45-9793-473B-9214-C60A646E4089}.Release|Any CPU.ActiveCfg = Release|Any CPU
		{29F5BB45-9793-473B-9214-C60A646E4089}.Release|Any CPU.Build.0 = Release|Any CPU
		{4D24DA80-45E8-4B1B-9D41-3D722F33EB52}.Debug|Any CPU.ActiveCfg = Debug|Any CPU
		{4D24DA80-45E8-4B1B-9D41-3D722F33EB52}.Debug|Any CPU.Build.0 = Debug|Any CPU
		{4D24DA80-45E8-4B1B-9D41-3D722F33EB52}.Release|Any CPU.ActiveCfg = Release|Any CPU
		{4D24DA80-45E8-4B1B-9D41-3D722F33EB52}.Release|Any CPU.Build.0 = Release|Any CPU
	EndGlobalSection
	GlobalSection(SolutionProperties) = preSolution
		HideSolutionNode = FALSE
	EndGlobalSection
	GlobalSection(ExtensibilityGlobals) = postSolution
		SolutionGuid = {0445D8EE-D99B-48CF-B121-7A3058F6B8C8}
	EndGlobalSection
EndGlobal
